
Microsoft Visual Studio Solution File, Format Version 12.00
# Visual Studio Version 16
VisualStudioVersion = 16.0.32510.428
MinimumVisualStudioVersion = 10.0.40219.1
Project("{FAE04EC0-301F-11D3-BF4B-00C04F79EFBC}") = "WindowsFormsApp1", "WindowsFormsApp1\WindowsFormsApp1.csproj", "{B53F5953-C36D-48FF-85B5-39FDEEB8A7D7}"
EndProject
Global
	GlobalSection(SolutionConfigurationPlatforms) = preSolution
		Debug|Any CPU = Debug|Any CPU
		Release|Any CPU = Release|Any CPU
	EndGlobalSection
	GlobalSection(ProjectConfigurationPlatforms) = postSolution
		{B53F5953-C36D-48FF-85B5-39FDEEB8A7D7}.Debug|Any CPU.ActiveCfg = Debug|Any CPU
		{B53F5953-C36D-48FF-85B5-39FDEEB8A7D7}.Debug|Any CPU.Build.0 = Debug|Any CPU
		{B53F5953-C36D-48FF-85B5-39FDEEB8A7D7}.Release|Any CPU.ActiveCfg = Release|Any CPU
		{B53F5953-C36D-48FF-85B5-39FDEEB8A7D7}.Release|Any CPU.Build.0 = Release|Any CPU
	EndGlobalSection
	GlobalSection(SolutionProperties) = preSolution
		HideSolutionNode = FALSE
	EndGlobalSection
	GlobalSection(ExtensibilityGlobals) = postSolution
		SolutionGuid = {3ECA3D1B-F006-4141-AB93-EAEFE09BCB9F}
	EndGlobalSection
EndGlobal
